<?xml version="1.0" encoding="utf-8"?>
<Project ToolsVersion="4.0" xmlns="http://schemas.microsoft.com/developer/msbuild/2003">
  <ItemGroup>
    <Filter Include="Source Files">
      <UniqueIdentifier>{4FC737F1-C7A5-4376-A066-2A32D752A2FF}</UniqueIdentifier>
      <Extensions>cpp;c;cc;cxx;c++;cppm;ixx;def;odl;idl;hpj;bat;asm;asmx</Extensions>
    </Filter>
    <Filter Include="Header Files">
      <UniqueIdentifier>{93995380-89BD-4b04-88EB-625FBE52EBFB}</UniqueIdentifier>
      <Extensions>h;hh;hpp;hxx;h++;hm;inl;inc;ipp;xsd</Extensions>
    </Filter>
    <Filter Include="Resource Files">
      <UniqueIdentifier>{67DA6AB6-F800-4c08-8B7A-83BB121AAD01}</UniqueIdentifier>
      <Extensions>rc;ico;cur;bmp;dlg;rc2;rct;bin;rgs;gif;jpg;jpeg;jpe;resx;tiff;tif;png;wav;mfcribbon-ms</Extensions>
    </Filter>
  </ItemGroup>
  <ItemGroup>
    <ClInclude Include="matrix2f.h">
      <Filter>Header Files</Filter>
    </ClInclude>
    <ClInclude Include="matrix3f.h">
      <Filter>Header Files</Filter>
    </ClInclude>
    <ClInclude Include="matrix4f.h">
      <Filter>Header Files</Filter>
    </ClInclude>
    <ClInclude Include="orthocoord.h">
      <Filter>Header Files</Filter>
    </ClInclude>
    <ClInclude Include="otherutil.h">
      <Filter>Header Files</Filter>
    </ClInclude>
    <ClInclude Include="quaternion.h">
      <Filter>Header Files</Filter>
    </ClInclude>
    <ClInclude Include="timer.h">
      <Filter>Header Files</Filter>
    </ClInclude>
    <ClInclude Include="vector2f.h">
      <Filter>Header Files</Filter>
    </ClInclude>
    <ClInclude Include="vector3f.h">
      <Filter>Header Files</Filter>
    </ClInclude>
    <ClInclude Include="vector4f.h">
      <Filter>Header Files</Filter>
    </ClInclude>
    <ClInclude Include="physics2d\physutil2.h">
      <Filter>Header Files</Filter>
    </ClInclude>
    <ClInclude Include="utils2d\axisalignedboundingbox2d.h">
      <Filter>Header Files</Filter>
    </ClInclude>
    <ClInclude Include="utils2d\consts.h">
      <Filter>Header Files</Filter>
    </ClInclude>
    <ClInclude Include="utils2d\poly.h">
      <Filter>Header Files</Filter>
    </ClInclude>
    <ClInclude Include="utils2d\utils2d.h">
      <Filter>Header Files</Filter>
    </ClInclude>
    <ClInclude Include="utils3d\axisalignedboundingbox3d.h">
      <Filter>Header Files</Filter>
    </ClInclude>
    <ClInclude Include="stringutils.h">
      <Filter>Header Files</Filter>
    </ClInclude>
    <ClInclude Include="physics2d\collider2d.h">
      <Filter>Header Files</Filter>
    </ClInclude>
    <ClInclude Include="physics2d\collision2d.h">
      <Filter>Header Files</Filter>
    </ClInclude>
    <ClInclude Include="physics2d\projection2d.h">
      <Filter>Header Files</Filter>
    </ClInclude>
    <ClInclude Include="physics3d\collider3d.h">
      <Filter>Header Files</Filter>
    </ClInclude>
    <ClInclude Include="physics3d\collision3d.h">
      <Filter>Header Files</Filter>
    </ClInclude>
    <ClInclude Include="physics3d\physutil3.h">
      <Filter>Header Files</Filter>
    </ClInclude>
    <ClInclude Include="physics3d\projection3d.h">
      <Filter>Header Files</Filter>
    </ClInclude>
    <ClInclude Include="utils3d\utils3d.h">
      <Filter>Header Files</Filter>
    </ClInclude>
    <ClInclude Include="utils3d\geom3d.h">
      <Filter>Header Files</Filter>
    </ClInclude>
    <ClInclude Include="constants.h">
      <Filter>Header Files</Filter>
    </ClInclude>
    <ClInclude Include="vectort.h">
      <Filter>Header Files</Filter>
    </ClInclude>
    <ClInclude Include="networking\tcpclientconnection.h">
      <Filter>Header Files</Filter>
    </ClInclude>
    <ClInclude Include="networking\tcpserver.h">
      <Filter>Header Files</Filter>
    </ClInclude>
    <ClInclude Include="networking\udpconnection.h">
      <Filter>Header Files</Filter>
    </ClInclude>
    <ClInclude Include="networking\winsockutil.h">
      <Filter>Header Files</Filter>
    </ClInclude>
    <ClInclude Include="tick.h">
      <Filter>Header Files</Filter>
    </ClInclude>
  </ItemGroup>
  <ItemGroup>
    <ClCompile Include="matrix2f.cpp">
      <Filter>Source Files</Filter>
    </ClCompile>
    <ClCompile Include="matrix3f.cpp">
      <Filter>Source Files</Filter>
    </ClCompile>
    <ClCompile Include="matrix4f.cpp">
      <Filter>Source Files</Filter>
    </ClCompile>
    <ClCompile Include="orthocoord.cpp">
      <Filter>Source Files</Filter>
    </ClCompile>
    <ClCompile Include="otherutil.cpp">
      <Filter>Source Files</Filter>
    </ClCompile>
    <ClCompile Include="quaternion.cpp">
      <Filter>Source Files</Filter>
    </ClCompile>
    <ClCompile Include="timer.cpp">
      <Filter>Source Files</Filter>
    </ClCompile>
    <ClCompile Include="vector2f.cpp">
      <Filter>Source Files</Filter>
    </ClCompile>
    <ClCompile Include="vector3f.cpp">
      <Filter>Source Files</Filter>
    </ClCompile>
    <ClCompile Include="vector4f.cpp">
      <Filter>Source Files</Filter>
    </ClCompile>
    <ClCompile Include="physics2d\physutil2.cpp">
      <Filter>Source Files</Filter>
    </ClCompile>
    <ClCompile Include="utils2d\axisalignedboundingbox2d.cpp">
      <Filter>Source Files</Filter>
    </ClCompile>
    <ClCompile Include="utils2d\consts.cpp">
      <Filter>Source Files</Filter>
    </ClCompile>
    <ClCompile Include="utils2d\poly.cpp">
      <Filter>Source Files</Filter>
    </ClCompile>
    <ClCompile Include="utils2d\utils2d.cpp">
      <Filter>Source Files</Filter>
    </ClCompile>
    <ClCompile Include="utils3d\axisalignedboundingbox3d.cpp">
      <Filter>Source Files</Filter>
    </ClCompile>
    <ClCompile Include="stringutils.cpp">
      <Filter>Source Files</Filter>
    </ClCompile>
    <ClCompile Include="physics2d\collider2d.cpp">
      <Filter>Source Files</Filter>
    </ClCompile>
    <ClCompile Include="physics2d\collision2d.cpp">
      <Filter>Source Files</Filter>
    </ClCompile>
    <ClCompile Include="physics2d\projection2d.cpp">
      <Filter>Source Files</Filter>
    </ClCompile>
    <ClCompile Include="physics3d\collider3d.cpp">
      <Filter>Source Files</Filter>
    </ClCompile>
    <ClCompile Include="physics3d\collision3d.cpp">
      <Filter>Source Files</Filter>
    </ClCompile>
    <ClCompile Include="physics3d\physutil3.cpp">
      <Filter>Source Files</Filter>
    </ClCompile>
    <ClCompile Include="physics3d\projection3d.cpp">
      <Filter>Source Files</Filter>
    </ClCompile>
    <ClCompile Include="utils3d\geom3d.cpp">
      <Filter>Source Files</Filter>
    </ClCompile>
    <ClCompile Include="utils3d\utils3d.cpp">
      <Filter>Source Files</Filter>
    </ClCompile>
    <ClCompile Include="constants.cpp">
      <Filter>Source Files</Filter>
    </ClCompile>
    <ClCompile Include="vectort.cpp">
      <Filter>Source Files</Filter>
    </ClCompile>
    <ClCompile Include="networking\tcpclientconnection.cpp">
      <Filter>Source Files</Filter>
    </ClCompile>
    <ClCompile Include="networking\tcpserver.cpp">
      <Filter>Source Files</Filter>
    </ClCompile>
    <ClCompile Include="networking\udpconnection.cpp">
      <Filter>Source Files</Filter>
    </ClCompile>
    <ClCompile Include="networking\winsockutil.cpp">
      <Filter>Source Files</Filter>
    </ClCompile>
    <ClCompile Include="tick.cpp">
      <Filter>Source Files</Filter>
    </ClCompile>
  </ItemGroup>
</Project>